// !$*UTF8*$!
{
	archiveVersion = 1;
	classes = {
	};
	objectVersion = 48;
	objects = {

/* Begin PBXBuildFile section */
		2816869B1F789BBF004126C3 /* TFAnalystsViewController.m in Sources */ = {isa = PBXBuildFile; fileRef = 281686991F789BBF004126C3 /* TFAnalystsViewController.m */; };
		2816869C1F789BBF004126C3 /* TFAnalystsViewController.xib in Resources */ = {isa = PBXBuildFile; fileRef = 2816869A1F789BBF004126C3 /* TFAnalystsViewController.xib */; };
		281686A01F789BD1004126C3 /* TFStocksViewController.m in Sources */ = {isa = PBXBuildFile; fileRef = 2816869E1F789BD1004126C3 /* TFStocksViewController.m */; };
		281686A11F789BD1004126C3 /* TFStocksViewController.xib in Resources */ = {isa = PBXBuildFile; fileRef = 2816869F1F789BD1004126C3 /* TFStocksViewController.xib */; };
		281686A51F789BE6004126C3 /* TFRecommondViewController.m in Sources */ = {isa = PBXBuildFile; fileRef = 281686A31F789BE6004126C3 /* TFRecommondViewController.m */; };
		281686A61F789BE6004126C3 /* TFRecommondViewController.xib in Resources */ = {isa = PBXBuildFile; fileRef = 281686A41F789BE6004126C3 /* TFRecommondViewController.xib */; };
		281686AA1F789C91004126C3 /* TFSearchViewController.m in Sources */ = {isa = PBXBuildFile; fileRef = 281686A81F789C91004126C3 /* TFSearchViewController.m */; };
		281686AB1F789C91004126C3 /* TFSearchViewController.xib in Resources */ = {isa = PBXBuildFile; fileRef = 281686A91F789C91004126C3 /* TFSearchViewController.xib */; };
		281686AF1F789CC0004126C3 /* TFRoomViewController.m in Sources */ = {isa = PBXBuildFile; fileRef = 281686AD1F789CC0004126C3 /* TFRoomViewController.m */; };
		281686B01F789CC0004126C3 /* TFRoomViewController.xib in Resources */ = {isa = PBXBuildFile; fileRef = 281686AE1F789CC0004126C3 /* TFRoomViewController.xib */; };
		281E15851F73C46A00734744 /* CoreCache+App.m in Sources */ = {isa = PBXBuildFile; fileRef = 284CAF601F7366BF0007A184 /* CoreCache+App.m */; };
		281E15861F73C46E00734744 /* CoreStore+App.m in Sources */ = {isa = PBXBuildFile; fileRef = 284CAF621F7366BF0007A184 /* CoreStore+App.m */; };
		281E15871F73C47200734744 /* UIColor+App.m in Sources */ = {isa = PBXBuildFile; fileRef = 284CAF641F7366BF0007A184 /* UIColor+App.m */; };
		281E15881F73C47500734744 /* UIImageView+Networking.m in Sources */ = {isa = PBXBuildFile; fileRef = 284CAF431F7366BE0007A184 /* UIImageView+Networking.m */; };
		281E15891F73C47900734744 /* MCAuthorizationManager.m in Sources */ = {isa = PBXBuildFile; fileRef = 284CAF501F7366BF0007A184 /* MCAuthorizationManager.m */; };
		281E158A1F73C48100734744 /* SingletonDemo.m in Sources */ = {isa = PBXBuildFile; fileRef = 284CAEF81F7361E90007A184 /* SingletonDemo.m */; };
		282AE6791F7C93B10030693E /* TFCommonVideoCollectionViewCell.m in Sources */ = {isa = PBXBuildFile; fileRef = 282AE6771F7C93B10030693E /* TFCommonVideoCollectionViewCell.m */; };
		282AE67A1F7C93B10030693E /* TFCommonVideoCollectionViewCell.xib in Resources */ = {isa = PBXBuildFile; fileRef = 282AE6781F7C93B10030693E /* TFCommonVideoCollectionViewCell.xib */; };
		2833F1771F7B8F600022EF4A /* TFCycleBannerView.m in Sources */ = {isa = PBXBuildFile; fileRef = 2833F1761F7B8F0E0022EF4A /* TFCycleBannerView.m */; };
		2833F17A1F7B91350022EF4A /* TFPageControl.m in Sources */ = {isa = PBXBuildFile; fileRef = 2833F1781F7B91350022EF4A /* TFPageControl.m */; };
		2833F17F1F7BB84E0022EF4A /* TFCommonLiveTableViewCell.m in Sources */ = {isa = PBXBuildFile; fileRef = 2833F17D1F7BB84E0022EF4A /* TFCommonLiveTableViewCell.m */; };
		2833F1801F7BB84E0022EF4A /* TFCommonLiveTableViewCell.xib in Resources */ = {isa = PBXBuildFile; fileRef = 2833F17E1F7BB84E0022EF4A /* TFCommonLiveTableViewCell.xib */; };
		283C99BB1F78E78C00EDD8B5 /* TFNavigationBarManager.m in Sources */ = {isa = PBXBuildFile; fileRef = 283C99BA1F78E78C00EDD8B5 /* TFNavigationBarManager.m */; };
		284CAEDC1F735D770007A184 /* AppDelegate.m in Sources */ = {isa = PBXBuildFile; fileRef = 284CAEDB1F735D770007A184 /* AppDelegate.m */; };
		284CAEE41F735D770007A184 /* Assets.xcassets in Resources */ = {isa = PBXBuildFile; fileRef = 284CAEE31F735D770007A184 /* Assets.xcassets */; };
		28583E121F7B593000116294 /* FFPagingHeaderView.m in Sources */ = {isa = PBXBuildFile; fileRef = 28583E0D1F7B590600116294 /* FFPagingHeaderView.m */; };
		28583E131F7B593400116294 /* FFPagingViewItem.m in Sources */ = {isa = PBXBuildFile; fileRef = 28583E0F1F7B590600116294 /* FFPagingViewItem.m */; };
		28583E141F7B593800116294 /* FFPagingViewController.m in Sources */ = {isa = PBXBuildFile; fileRef = 28583E111F7B590600116294 /* FFPagingViewController.m */; };
		286A87CE1F73A44B0022825D /* TFHomeViewController.m in Sources */ = {isa = PBXBuildFile; fileRef = 286A87CC1F73A44B0022825D /* TFHomeViewController.m */; };
		286A87CF1F73A44B0022825D /* TFHomeViewController.xib in Resources */ = {isa = PBXBuildFile; fileRef = 286A87CD1F73A44B0022825D /* TFHomeViewController.xib */; };
		286A87D31F73A4680022825D /* TFMineViewController.m in Sources */ = {isa = PBXBuildFile; fileRef = 286A87D11F73A4680022825D /* TFMineViewController.m */; };
		286A87D41F73A4680022825D /* TFMineViewController.xib in Resources */ = {isa = PBXBuildFile; fileRef = 286A87D21F73A4680022825D /* TFMineViewController.xib */; };
		286A87D81F73A4950022825D /* TFAccountViewController.m in Sources */ = {isa = PBXBuildFile; fileRef = 286A87D61F73A4950022825D /* TFAccountViewController.m */; };
		286A87D91F73A4950022825D /* TFAccountViewController.xib in Resources */ = {isa = PBXBuildFile; fileRef = 286A87D71F73A4950022825D /* TFAccountViewController.xib */; };
		286A87E21F73A5270022825D /* TFLiveViewController.m in Sources */ = {isa = PBXBuildFile; fileRef = 286A87E01F73A5270022825D /* TFLiveViewController.m */; };
		286A87E61F73A9B50022825D /* TFNavigationController.m in Sources */ = {isa = PBXBuildFile; fileRef = 286A87E51F73A9B50022825D /* TFNavigationController.m */; };
		286A87EA1F73AB2A0022825D /* TFCategoryViewController.m in Sources */ = {isa = PBXBuildFile; fileRef = 286A87E81F73AB2A0022825D /* TFCategoryViewController.m */; };
		286A87EB1F73AB2A0022825D /* TFCategoryViewController.xib in Resources */ = {isa = PBXBuildFile; fileRef = 286A87E91F73AB2A0022825D /* TFCategoryViewController.xib */; };
		286A87EE1F73ADBE0022825D /* TFTabBarController.m in Sources */ = {isa = PBXBuildFile; fileRef = 286A87ED1F73ADBE0022825D /* TFTabBarController.m */; };
		28ABEE6D1F75142800A5BC0E /* main.m in Sources */ = {isa = PBXBuildFile; fileRef = 28ABEE6A1F7512DF00A5BC0E /* main.m */; };
		5890CD85CC7CF90F8DA26B65 /* libPods-TianFeng.a in Frameworks */ = {isa = PBXBuildFile; fileRef = 0A608E0E2CF4ADCC2E0D7E8D /* libPods-TianFeng.a */; };
		9E330A281F7A411D00A1C67F /* TFRecommendAnalystsListTableViewCell.m in Sources */ = {isa = PBXBuildFile; fileRef = 9E330A261F7A411D00A1C67F /* TFRecommendAnalystsListTableViewCell.m */; };
		9E330A291F7A411D00A1C67F /* TFRecommendAnalystsListTableViewCell.xib in Resources */ = {isa = PBXBuildFile; fileRef = 9E330A271F7A411D00A1C67F /* TFRecommendAnalystsListTableViewCell.xib */; };
		9E330A2E1F7A5D6D00A1C67F /* TFSearchResultsTableViewCell.m in Sources */ = {isa = PBXBuildFile; fileRef = 9E330A2C1F7A5D6D00A1C67F /* TFSearchResultsTableViewCell.m */; };
		9E330A2F1F7A5D6D00A1C67F /* TFSearchResultsTableViewCell.xib in Resources */ = {isa = PBXBuildFile; fileRef = 9E330A2D1F7A5D6D00A1C67F /* TFSearchResultsTableViewCell.xib */; };
		9EEA08DA1F78A4DE00B469F3 /* TFGoldAnalystsListTableViewCell.m in Sources */ = {isa = PBXBuildFile; fileRef = 9EEA08D81F78A4DE00B469F3 /* TFGoldAnalystsListTableViewCell.m */; };
		9EEA08DB1F78A4DE00B469F3 /* TFGoldAnalystsListTableViewCell.xib in Resources */ = {isa = PBXBuildFile; fileRef = 9EEA08D91F78A4DE00B469F3 /* TFGoldAnalystsListTableViewCell.xib */; };
		9EEA08DF1F78AEB000B469F3 /* TFGoldAnalystsCollectionViewCell.m in Sources */ = {isa = PBXBuildFile; fileRef = 9EEA08DD1F78AEAF00B469F3 /* TFGoldAnalystsCollectionViewCell.m */; };
		9EEA08E01F78AEB000B469F3 /* TFGoldAnalystsCollectionViewCell.xib in Resources */ = {isa = PBXBuildFile; fileRef = 9EEA08DE1F78AEAF00B469F3 /* TFGoldAnalystsCollectionViewCell.xib */; };
		9EEA08E41F78F9FD00B469F3 /* TFRecommendAnalystsTableViewCell.m in Sources */ = {isa = PBXBuildFile; fileRef = 9EEA08E21F78F9FD00B469F3 /* TFRecommendAnalystsTableViewCell.m */; };
		9EEA08E51F78F9FD00B469F3 /* TFRecommendAnalystsTableViewCell.xib in Resources */ = {isa = PBXBuildFile; fileRef = 9EEA08E31F78F9FD00B469F3 /* TFRecommendAnalystsTableViewCell.xib */; };
		9EEA08E81F7901F200B469F3 /* TFAnalystsDetailView.m in Sources */ = {isa = PBXBuildFile; fileRef = 9EEA08E71F7901F200B469F3 /* TFAnalystsDetailView.m */; };
		9EEA08EA1F79020300B469F3 /* TFAnalystsDetailView.xib in Resources */ = {isa = PBXBuildFile; fileRef = 9EEA08E91F79020300B469F3 /* TFAnalystsDetailView.xib */; };
		9EEA08EF1F7905E000B469F3 /* TFStocksVedioListCollectionViewCell.m in Sources */ = {isa = PBXBuildFile; fileRef = 9EEA08ED1F7905E000B469F3 /* TFStocksVedioListCollectionViewCell.m */; };
		9EEA08F01F7905E000B469F3 /* TFStocksVedioListCollectionViewCell.xib in Resources */ = {isa = PBXBuildFile; fileRef = 9EEA08EE1F7905E000B469F3 /* TFStocksVedioListCollectionViewCell.xib */; };
/* End PBXBuildFile section */

/* Begin PBXFileReference section */
		0A608E0E2CF4ADCC2E0D7E8D /* libPods-TianFeng.a */ = {isa = PBXFileReference; explicitFileType = archive.ar; includeInIndex = 0; path = "libPods-TianFeng.a"; sourceTree = BUILT_PRODUCTS_DIR; };
		281686981F789BBF004126C3 /* TFAnalystsViewController.h */ = {isa = PBXFileReference; lastKnownFileType = sourcecode.c.h; path = TFAnalystsViewController.h; sourceTree = "<group>"; };
		281686991F789BBF004126C3 /* TFAnalystsViewController.m */ = {isa = PBXFileReference; lastKnownFileType = sourcecode.c.objc; path = TFAnalystsViewController.m; sourceTree = "<group>"; };
		2816869A1F789BBF004126C3 /* TFAnalystsViewController.xib */ = {isa = PBXFileReference; lastKnownFileType = file.xib; path = TFAnalystsViewController.xib; sourceTree = "<group>"; };
		2816869D1F789BD1004126C3 /* TFStocksViewController.h */ = {isa = PBXFileReference; lastKnownFileType = sourcecode.c.h; path = TFStocksViewController.h; sourceTree = "<group>"; };
		2816869E1F789BD1004126C3 /* TFStocksViewController.m */ = {isa = PBXFileReference; lastKnownFileType = sourcecode.c.objc; path = TFStocksViewController.m; sourceTree = "<group>"; };
		2816869F1F789BD1004126C3 /* TFStocksViewController.xib */ = {isa = PBXFileReference; lastKnownFileType = file.xib; path = TFStocksViewController.xib; sourceTree = "<group>"; };
		281686A21F789BE6004126C3 /* TFRecommondViewController.h */ = {isa = PBXFileReference; lastKnownFileType = sourcecode.c.h; path = TFRecommondViewController.h; sourceTree = "<group>"; };
		281686A31F789BE6004126C3 /* TFRecommondViewController.m */ = {isa = PBXFileReference; lastKnownFileType = sourcecode.c.objc; path = TFRecommondViewController.m; sourceTree = "<group>"; };
		281686A41F789BE6004126C3 /* TFRecommondViewController.xib */ = {isa = PBXFileReference; lastKnownFileType = file.xib; path = TFRecommondViewController.xib; sourceTree = "<group>"; };
		281686A71F789C91004126C3 /* TFSearchViewController.h */ = {isa = PBXFileReference; lastKnownFileType = sourcecode.c.h; path = TFSearchViewController.h; sourceTree = "<group>"; };
		281686A81F789C91004126C3 /* TFSearchViewController.m */ = {isa = PBXFileReference; lastKnownFileType = sourcecode.c.objc; path = TFSearchViewController.m; sourceTree = "<group>"; };
		281686A91F789C91004126C3 /* TFSearchViewController.xib */ = {isa = PBXFileReference; lastKnownFileType = file.xib; path = TFSearchViewController.xib; sourceTree = "<group>"; };
		281686AC1F789CC0004126C3 /* TFRoomViewController.h */ = {isa = PBXFileReference; lastKnownFileType = sourcecode.c.h; path = TFRoomViewController.h; sourceTree = "<group>"; };
		281686AD1F789CC0004126C3 /* TFRoomViewController.m */ = {isa = PBXFileReference; lastKnownFileType = sourcecode.c.objc; path = TFRoomViewController.m; sourceTree = "<group>"; };
		281686AE1F789CC0004126C3 /* TFRoomViewController.xib */ = {isa = PBXFileReference; lastKnownFileType = file.xib; path = TFRoomViewController.xib; sourceTree = "<group>"; };
		282AE6761F7C93B10030693E /* TFCommonVideoCollectionViewCell.h */ = {isa = PBXFileReference; lastKnownFileType = sourcecode.c.h; path = TFCommonVideoCollectionViewCell.h; sourceTree = "<group>"; };
		282AE6771F7C93B10030693E /* TFCommonVideoCollectionViewCell.m */ = {isa = PBXFileReference; lastKnownFileType = sourcecode.c.objc; path = TFCommonVideoCollectionViewCell.m; sourceTree = "<group>"; };
		282AE6781F7C93B10030693E /* TFCommonVideoCollectionViewCell.xib */ = {isa = PBXFileReference; lastKnownFileType = file.xib; path = TFCommonVideoCollectionViewCell.xib; sourceTree = "<group>"; };
		2833F1751F7B8F0E0022EF4A /* TFCycleBannerView.h */ = {isa = PBXFileReference; lastKnownFileType = sourcecode.c.h; path = TFCycleBannerView.h; sourceTree = "<group>"; };
		2833F1761F7B8F0E0022EF4A /* TFCycleBannerView.m */ = {isa = PBXFileReference; lastKnownFileType = sourcecode.c.objc; path = TFCycleBannerView.m; sourceTree = "<group>"; };
		2833F1781F7B91350022EF4A /* TFPageControl.m */ = {isa = PBXFileReference; lastKnownFileType = sourcecode.c.objc; path = TFPageControl.m; sourceTree = "<group>"; };
		2833F1791F7B91350022EF4A /* TFPageControl.h */ = {isa = PBXFileReference; lastKnownFileType = sourcecode.c.h; path = TFPageControl.h; sourceTree = "<group>"; };
		2833F17C1F7BB84E0022EF4A /* TFCommonLiveTableViewCell.h */ = {isa = PBXFileReference; lastKnownFileType = sourcecode.c.h; path = TFCommonLiveTableViewCell.h; sourceTree = "<group>"; };
		2833F17D1F7BB84E0022EF4A /* TFCommonLiveTableViewCell.m */ = {isa = PBXFileReference; lastKnownFileType = sourcecode.c.objc; path = TFCommonLiveTableViewCell.m; sourceTree = "<group>"; };
		2833F17E1F7BB84E0022EF4A /* TFCommonLiveTableViewCell.xib */ = {isa = PBXFileReference; lastKnownFileType = file.xib; path = TFCommonLiveTableViewCell.xib; sourceTree = "<group>"; };
		283C99B91F78E78C00EDD8B5 /* TFNavigationBarManager.h */ = {isa = PBXFileReference; lastKnownFileType = sourcecode.c.h; path = TFNavigationBarManager.h; sourceTree = "<group>"; };
		283C99BA1F78E78C00EDD8B5 /* TFNavigationBarManager.m */ = {isa = PBXFileReference; lastKnownFileType = sourcecode.c.objc; path = TFNavigationBarManager.m; sourceTree = "<group>"; };
		283C99BF1F79071F00EDD8B5 /* FFPagingHeaderView.m */ = {isa = PBXFileReference; lastKnownFileType = sourcecode.c.objc; path = FFPagingHeaderView.m; sourceTree = "<group>"; };
		283C99C11F79071F00EDD8B5 /* FFPagingViewItem.m */ = {isa = PBXFileReference; lastKnownFileType = sourcecode.c.objc; path = FFPagingViewItem.m; sourceTree = "<group>"; };
		283C99C31F79071F00EDD8B5 /* FFPagingViewController.m */ = {isa = PBXFileReference; lastKnownFileType = sourcecode.c.objc; path = FFPagingViewController.m; sourceTree = "<group>"; };
		284CAED71F735D770007A184 /* TianFeng.app */ = {isa = PBXFileReference; explicitFileType = wrapper.application; includeInIndex = 0; path = TianFeng.app; sourceTree = BUILT_PRODUCTS_DIR; };
		284CAEDA1F735D770007A184 /* AppDelegate.h */ = {isa = PBXFileReference; lastKnownFileType = sourcecode.c.h; path = AppDelegate.h; sourceTree = "<group>"; };
		284CAEDB1F735D770007A184 /* AppDelegate.m */ = {isa = PBXFileReference; lastKnownFileType = sourcecode.c.objc; path = AppDelegate.m; sourceTree = "<group>"; };
		284CAEE31F735D770007A184 /* Assets.xcassets */ = {isa = PBXFileReference; lastKnownFileType = folder.assetcatalog; path = Assets.xcassets; sourceTree = "<group>"; };
		284CAEF61F7361E90007A184 /* BaseAPIURL.h */ = {isa = PBXFileReference; lastKnownFileType = sourcecode.c.h; path = BaseAPIURL.h; sourceTree = "<group>"; };
		284CAEF71F7361E90007A184 /* SingletonDemo.h */ = {isa = PBXFileReference; lastKnownFileType = sourcecode.c.h; path = SingletonDemo.h; sourceTree = "<group>"; };
		284CAEF81F7361E90007A184 /* SingletonDemo.m */ = {isa = PBXFileReference; lastKnownFileType = sourcecode.c.objc; path = SingletonDemo.m; sourceTree = "<group>"; };
		284CAF3E1F7366BE0007A184 /* AppConstants.h */ = {isa = PBXFileReference; lastKnownFileType = sourcecode.c.h; path = AppConstants.h; sourceTree = "<group>"; };
		284CAF421F7366BE0007A184 /* UIImageView+Networking.h */ = {isa = PBXFileReference; lastKnownFileType = sourcecode.c.h; path = "UIImageView+Networking.h"; sourceTree = "<group>"; };
		284CAF431F7366BE0007A184 /* UIImageView+Networking.m */ = {isa = PBXFileReference; lastKnownFileType = sourcecode.c.objc; path = "UIImageView+Networking.m"; sourceTree = "<group>"; };
		284CAF481F7366BF0007A184 /* CommonAppHeaders.h */ = {isa = PBXFileReference; lastKnownFileType = sourcecode.c.h; path = CommonAppHeaders.h; sourceTree = "<group>"; };
		284CAF4D1F7366BF0007A184 /* PodsHeaders.h */ = {isa = PBXFileReference; lastKnownFileType = sourcecode.c.h; path = PodsHeaders.h; sourceTree = "<group>"; };
		284CAF4F1F7366BF0007A184 /* MCAuthorizationManager.h */ = {isa = PBXFileReference; lastKnownFileType = sourcecode.c.h; path = MCAuthorizationManager.h; sourceTree = "<group>"; };
		284CAF501F7366BF0007A184 /* MCAuthorizationManager.m */ = {isa = PBXFileReference; lastKnownFileType = sourcecode.c.objc; path = MCAuthorizationManager.m; sourceTree = "<group>"; };
		284CAF5F1F7366BF0007A184 /* CoreCache+App.h */ = {isa = PBXFileReference; lastKnownFileType = sourcecode.c.h; path = "CoreCache+App.h"; sourceTree = "<group>"; };
		284CAF601F7366BF0007A184 /* CoreCache+App.m */ = {isa = PBXFileReference; lastKnownFileType = sourcecode.c.objc; path = "CoreCache+App.m"; sourceTree = "<group>"; };
		284CAF611F7366BF0007A184 /* CoreStore+App.h */ = {isa = PBXFileReference; lastKnownFileType = sourcecode.c.h; path = "CoreStore+App.h"; sourceTree = "<group>"; };
		284CAF621F7366BF0007A184 /* CoreStore+App.m */ = {isa = PBXFileReference; lastKnownFileType = sourcecode.c.objc; path = "CoreStore+App.m"; sourceTree = "<group>"; };
		284CAF631F7366BF0007A184 /* UIColor+App.h */ = {isa = PBXFileReference; lastKnownFileType = sourcecode.c.h; path = "UIColor+App.h"; sourceTree = "<group>"; };
		284CAF641F7366BF0007A184 /* UIColor+App.m */ = {isa = PBXFileReference; lastKnownFileType = sourcecode.c.objc; path = "UIColor+App.m"; sourceTree = "<group>"; };
		28583E0C1F7B590600116294 /* FFPagingHeaderView.h */ = {isa = PBXFileReference; lastKnownFileType = sourcecode.c.h; path = FFPagingHeaderView.h; sourceTree = "<group>"; };
		28583E0D1F7B590600116294 /* FFPagingHeaderView.m */ = {isa = PBXFileReference; lastKnownFileType = sourcecode.c.objc; path = FFPagingHeaderView.m; sourceTree = "<group>"; };
		28583E0E1F7B590600116294 /* FFPagingViewItem.h */ = {isa = PBXFileReference; lastKnownFileType = sourcecode.c.h; path = FFPagingViewItem.h; sourceTree = "<group>"; };
		28583E0F1F7B590600116294 /* FFPagingViewItem.m */ = {isa = PBXFileReference; lastKnownFileType = sourcecode.c.objc; path = FFPagingViewItem.m; sourceTree = "<group>"; };
		28583E101F7B590600116294 /* FFPagingViewController.h */ = {isa = PBXFileReference; lastKnownFileType = sourcecode.c.h; path = FFPagingViewController.h; sourceTree = "<group>"; };
		28583E111F7B590600116294 /* FFPagingViewController.m */ = {isa = PBXFileReference; lastKnownFileType = sourcecode.c.objc; path = FFPagingViewController.m; sourceTree = "<group>"; };
		286A87CB1F73A44B0022825D /* TFHomeViewController.h */ = {isa = PBXFileReference; lastKnownFileType = sourcecode.c.h; path = TFHomeViewController.h; sourceTree = "<group>"; };
		286A87CC1F73A44B0022825D /* TFHomeViewController.m */ = {isa = PBXFileReference; lastKnownFileType = sourcecode.c.objc; path = TFHomeViewController.m; sourceTree = "<group>"; };
		286A87CD1F73A44B0022825D /* TFHomeViewController.xib */ = {isa = PBXFileReference; lastKnownFileType = file.xib; path = TFHomeViewController.xib; sourceTree = "<group>"; };
		286A87D01F73A4680022825D /* TFMineViewController.h */ = {isa = PBXFileReference; lastKnownFileType = sourcecode.c.h; path = TFMineViewController.h; sourceTree = "<group>"; };
		286A87D11F73A4680022825D /* TFMineViewController.m */ = {isa = PBXFileReference; lastKnownFileType = sourcecode.c.objc; path = TFMineViewController.m; sourceTree = "<group>"; };
		286A87D21F73A4680022825D /* TFMineViewController.xib */ = {isa = PBXFileReference; lastKnownFileType = file.xib; path = TFMineViewController.xib; sourceTree = "<group>"; };
		286A87D51F73A4950022825D /* TFAccountViewController.h */ = {isa = PBXFileReference; lastKnownFileType = sourcecode.c.h; path = TFAccountViewController.h; sourceTree = "<group>"; };
		286A87D61F73A4950022825D /* TFAccountViewController.m */ = {isa = PBXFileReference; lastKnownFileType = sourcecode.c.objc; path = TFAccountViewController.m; sourceTree = "<group>"; };
		286A87D71F73A4950022825D /* TFAccountViewController.xib */ = {isa = PBXFileReference; lastKnownFileType = file.xib; path = TFAccountViewController.xib; sourceTree = "<group>"; };
		286A87DF1F73A5270022825D /* TFLiveViewController.h */ = {isa = PBXFileReference; lastKnownFileType = sourcecode.c.h; path = TFLiveViewController.h; sourceTree = "<group>"; };
		286A87E01F73A5270022825D /* TFLiveViewController.m */ = {isa = PBXFileReference; lastKnownFileType = sourcecode.c.objc; path = TFLiveViewController.m; sourceTree = "<group>"; };
		286A87E41F73A9B50022825D /* TFNavigationController.h */ = {isa = PBXFileReference; lastKnownFileType = sourcecode.c.h; path = TFNavigationController.h; sourceTree = "<group>"; };
		286A87E51F73A9B50022825D /* TFNavigationController.m */ = {isa = PBXFileReference; lastKnownFileType = sourcecode.c.objc; path = TFNavigationController.m; sourceTree = "<group>"; };
		286A87E71F73AB2A0022825D /* TFCategoryViewController.h */ = {isa = PBXFileReference; lastKnownFileType = sourcecode.c.h; path = TFCategoryViewController.h; sourceTree = "<group>"; };
		286A87E81F73AB2A0022825D /* TFCategoryViewController.m */ = {isa = PBXFileReference; lastKnownFileType = sourcecode.c.objc; path = TFCategoryViewController.m; sourceTree = "<group>"; };
		286A87E91F73AB2A0022825D /* TFCategoryViewController.xib */ = {isa = PBXFileReference; lastKnownFileType = file.xib; path = TFCategoryViewController.xib; sourceTree = "<group>"; };
		286A87EC1F73ADBE0022825D /* TFTabBarController.h */ = {isa = PBXFileReference; lastKnownFileType = sourcecode.c.h; path = TFTabBarController.h; sourceTree = "<group>"; };
		286A87ED1F73ADBE0022825D /* TFTabBarController.m */ = {isa = PBXFileReference; lastKnownFileType = sourcecode.c.objc; path = TFTabBarController.m; sourceTree = "<group>"; };
		28ABEE691F7512DF00A5BC0E /* Info.plist */ = {isa = PBXFileReference; lastKnownFileType = text.plist.xml; name = Info.plist; path = TianFeng/Info.plist; sourceTree = SOURCE_ROOT; };
		28ABEE6A1F7512DF00A5BC0E /* main.m */ = {isa = PBXFileReference; lastKnownFileType = sourcecode.c.objc; name = main.m; path = TianFeng/main.m; sourceTree = SOURCE_ROOT; };
		28ABEE6B1F7512DF00A5BC0E /* CodeStyle.txt */ = {isa = PBXFileReference; lastKnownFileType = text; name = CodeStyle.txt; path = TianFeng/CodeStyle.txt; sourceTree = SOURCE_ROOT; };
		28ABEE6C1F7512E000A5BC0E /* LaunchScreen.storyboard */ = {isa = PBXFileReference; lastKnownFileType = file.storyboard; name = LaunchScreen.storyboard; path = TianFeng/LaunchScreen.storyboard; sourceTree = SOURCE_ROOT; };
		896B9A8084000121305DE575 /* Pods-TianFeng.release.xcconfig */ = {isa = PBXFileReference; includeInIndex = 1; lastKnownFileType = text.xcconfig; name = "Pods-TianFeng.release.xcconfig"; path = "Pods/Target Support Files/Pods-TianFeng/Pods-TianFeng.release.xcconfig"; sourceTree = "<group>"; };
		907D2E25F1F347A7E7E93640 /* Pods-TianFeng.debug.xcconfig */ = {isa = PBXFileReference; includeInIndex = 1; lastKnownFileType = text.xcconfig; name = "Pods-TianFeng.debug.xcconfig"; path = "Pods/Target Support Files/Pods-TianFeng/Pods-TianFeng.debug.xcconfig"; sourceTree = "<group>"; };
		9E330A251F7A411D00A1C67F /* TFRecommendAnalystsListTableViewCell.h */ = {isa = PBXFileReference; lastKnownFileType = sourcecode.c.h; path = TFRecommendAnalystsListTableViewCell.h; sourceTree = "<group>"; };
		9E330A261F7A411D00A1C67F /* TFRecommendAnalystsListTableViewCell.m */ = {isa = PBXFileReference; lastKnownFileType = sourcecode.c.objc; path = TFRecommendAnalystsListTableViewCell.m; sourceTree = "<group>"; };
		9E330A271F7A411D00A1C67F /* TFRecommendAnalystsListTableViewCell.xib */ = {isa = PBXFileReference; lastKnownFileType = file.xib; path = TFRecommendAnalystsListTableViewCell.xib; sourceTree = "<group>"; };
		9E330A2B1F7A5D6D00A1C67F /* TFSearchResultsTableViewCell.h */ = {isa = PBXFileReference; lastKnownFileType = sourcecode.c.h; path = TFSearchResultsTableViewCell.h; sourceTree = "<group>"; };
		9E330A2C1F7A5D6D00A1C67F /* TFSearchResultsTableViewCell.m */ = {isa = PBXFileReference; lastKnownFileType = sourcecode.c.objc; path = TFSearchResultsTableViewCell.m; sourceTree = "<group>"; };
		9E330A2D1F7A5D6D00A1C67F /* TFSearchResultsTableViewCell.xib */ = {isa = PBXFileReference; lastKnownFileType = file.xib; path = TFSearchResultsTableViewCell.xib; sourceTree = "<group>"; };
		9EEA08D71F78A4DE00B469F3 /* TFGoldAnalystsListTableViewCell.h */ = {isa = PBXFileReference; lastKnownFileType = sourcecode.c.h; path = TFGoldAnalystsListTableViewCell.h; sourceTree = "<group>"; };
		9EEA08D81F78A4DE00B469F3 /* TFGoldAnalystsListTableViewCell.m */ = {isa = PBXFileReference; lastKnownFileType = sourcecode.c.objc; path = TFGoldAnalystsListTableViewCell.m; sourceTree = "<group>"; };
		9EEA08D91F78A4DE00B469F3 /* TFGoldAnalystsListTableViewCell.xib */ = {isa = PBXFileReference; lastKnownFileType = file.xib; path = TFGoldAnalystsListTableViewCell.xib; sourceTree = "<group>"; };
		9EEA08DC1F78AEAF00B469F3 /* TFGoldAnalystsCollectionViewCell.h */ = {isa = PBXFileReference; lastKnownFileType = sourcecode.c.h; path = TFGoldAnalystsCollectionViewCell.h; sourceTree = "<group>"; };
		9EEA08DD1F78AEAF00B469F3 /* TFGoldAnalystsCollectionViewCell.m */ = {isa = PBXFileReference; lastKnownFileType = sourcecode.c.objc; path = TFGoldAnalystsCollectionViewCell.m; sourceTree = "<group>"; };
		9EEA08DE1F78AEAF00B469F3 /* TFGoldAnalystsCollectionViewCell.xib */ = {isa = PBXFileReference; lastKnownFileType = file.xib; path = TFGoldAnalystsCollectionViewCell.xib; sourceTree = "<group>"; };
		9EEA08E11F78F9FD00B469F3 /* TFRecommendAnalystsTableViewCell.h */ = {isa = PBXFileReference; lastKnownFileType = sourcecode.c.h; path = TFRecommendAnalystsTableViewCell.h; sourceTree = "<group>"; };
		9EEA08E21F78F9FD00B469F3 /* TFRecommendAnalystsTableViewCell.m */ = {isa = PBXFileReference; lastKnownFileType = sourcecode.c.objc; path = TFRecommendAnalystsTableViewCell.m; sourceTree = "<group>"; };
		9EEA08E31F78F9FD00B469F3 /* TFRecommendAnalystsTableViewCell.xib */ = {isa = PBXFileReference; lastKnownFileType = file.xib; path = TFRecommendAnalystsTableViewCell.xib; sourceTree = "<group>"; };
		9EEA08E61F7901F200B469F3 /* TFAnalystsDetailView.h */ = {isa = PBXFileReference; lastKnownFileType = sourcecode.c.h; path = TFAnalystsDetailView.h; sourceTree = "<group>"; };
		9EEA08E71F7901F200B469F3 /* TFAnalystsDetailView.m */ = {isa = PBXFileReference; lastKnownFileType = sourcecode.c.objc; path = TFAnalystsDetailView.m; sourceTree = "<group>"; };
		9EEA08E91F79020300B469F3 /* TFAnalystsDetailView.xib */ = {isa = PBXFileReference; lastKnownFileType = file.xib; path = TFAnalystsDetailView.xib; sourceTree = "<group>"; };
		9EEA08EC1F7905E000B469F3 /* TFStocksVedioListCollectionViewCell.h */ = {isa = PBXFileReference; lastKnownFileType = sourcecode.c.h; path = TFStocksVedioListCollectionViewCell.h; sourceTree = "<group>"; };
		9EEA08ED1F7905E000B469F3 /* TFStocksVedioListCollectionViewCell.m */ = {isa = PBXFileReference; lastKnownFileType = sourcecode.c.objc; path = TFStocksVedioListCollectionViewCell.m; sourceTree = "<group>"; };
		9EEA08EE1F7905E000B469F3 /* TFStocksVedioListCollectionViewCell.xib */ = {isa = PBXFileReference; lastKnownFileType = file.xib; path = TFStocksVedioListCollectionViewCell.xib; sourceTree = "<group>"; };
/* End PBXFileReference section */

/* Begin PBXFrameworksBuildPhase section */
		284CAED41F735D770007A184 /* Frameworks */ = {
			isa = PBXFrameworksBuildPhase;
			buildActionMask = 2147483647;
			files = (
				5890CD85CC7CF90F8DA26B65 /* libPods-TianFeng.a in Frameworks */,
			);
			runOnlyForDeploymentPostprocessing = 0;
		};
/* End PBXFrameworksBuildPhase section */

/* Begin PBXGroup section */
		2833F1741F7B8EEA0022EF4A /* BannerView */ = {
			isa = PBXGroup;
			children = (
				2833F1791F7B91350022EF4A /* TFPageControl.h */,
				2833F1781F7B91350022EF4A /* TFPageControl.m */,
				2833F1751F7B8F0E0022EF4A /* TFCycleBannerView.h */,
				2833F1761F7B8F0E0022EF4A /* TFCycleBannerView.m */,
			);
			path = BannerView;
			sourceTree = "<group>";
		};
		2833F17B1F7BB8310022EF4A /* Common */ = {
			isa = PBXGroup;
			children = (
				2833F17C1F7BB84E0022EF4A /* TFCommonLiveTableViewCell.h */,
				2833F17D1F7BB84E0022EF4A /* TFCommonLiveTableViewCell.m */,
				2833F17E1F7BB84E0022EF4A /* TFCommonLiveTableViewCell.xib */,
				282AE6761F7C93B10030693E /* TFCommonVideoCollectionViewCell.h */,
				282AE6771F7C93B10030693E /* TFCommonVideoCollectionViewCell.m */,
				282AE6781F7C93B10030693E /* TFCommonVideoCollectionViewCell.xib */,
			);
			path = Common;
			sourceTree = "<group>";
		};
		284CAECE1F735D770007A184 = {
			isa = PBXGroup;
			children = (
				284CAED91F735D770007A184 /* TianFeng */,
				284CAED81F735D770007A184 /* Products */,
				767E1B52313EAB0C0C6B4835 /* Pods */,
				C9020B8E55FD33289F1CAA83 /* Frameworks */,
				28583E081F7B58D100116294 /* Recovered References */,
			);
			sourceTree = "<group>";
		};
		284CAED81F735D770007A184 /* Products */ = {
			isa = PBXGroup;
			children = (
				284CAED71F735D770007A184 /* TianFeng.app */,
			);
			name = Products;
			sourceTree = "<group>";
		};
		284CAED91F735D770007A184 /* TianFeng */ = {
			isa = PBXGroup;
			children = (
				284CAEDA1F735D770007A184 /* AppDelegate.h */,
				284CAEDB1F735D770007A184 /* AppDelegate.m */,
				284CAEF11F7361E80007A184 /* Common */,
				284CAEF91F7361E90007A184 /* Controller */,
				9EEA08B91F74EC6F00B469F3 /* Model */,
				9EEA08B81F74EC5500B469F3 /* View */,
				284CAEF41F7361E90007A184 /* RESTfulAPI */,
				9EEA08B71F74EC4000B469F3 /* VendorAPI */,
				284CAF2D1F7362480007A184 /* Resource */,
				28ABEE681F7512B000A5BC0E /* Supporting File */,
			);
			path = TianFeng;
			sourceTree = "<group>";
		};
		284CAEF11F7361E80007A184 /* Common */ = {
			isa = PBXGroup;
			children = (
				284CAF3E1F7366BE0007A184 /* AppConstants.h */,
				284CAF481F7366BF0007A184 /* CommonAppHeaders.h */,
				284CAF4D1F7366BF0007A184 /* PodsHeaders.h */,
				28583E091F7B590600116294 /* Components */,
				284CAF5E1F7366BF0007A184 /* Additions */,
				284CAF3F1F7366BE0007A184 /* Categories */,
				284CAF651F7366BF0007A184 /* SubClasses */,
				284CAF4E1F7366BF0007A184 /* Utility */,
			);
			path = Common;
			sourceTree = "<group>";
		};
		284CAEF41F7361E90007A184 /* RESTfulAPI */ = {
			isa = PBXGroup;
			children = (
				284CAEF61F7361E90007A184 /* BaseAPIURL.h */,
				284CAEF71F7361E90007A184 /* SingletonDemo.h */,
				284CAEF81F7361E90007A184 /* SingletonDemo.m */,
			);
			path = RESTfulAPI;
			sourceTree = "<group>";
		};
		284CAEF91F7361E90007A184 /* Controller */ = {
			isa = PBXGroup;
			children = (
				284CAF861F7369C50007A184 /* Main */,
				284CAF881F7369D70007A184 /* Home */,
				284CAF891F736A3B0007A184 /* Mine */,
				284CAF8A1F736A5A0007A184 /* Category */,
				284CAF8C1F736A6F0007A184 /* Account */,
				284CAF8B1F736A690007A184 /* Live */,
			);
			path = Controller;
			sourceTree = "<group>";
		};
		284CAF2D1F7362480007A184 /* Resource */ = {
			isa = PBXGroup;
			children = (
				284CAEE31F735D770007A184 /* Assets.xcassets */,
			);
			path = Resource;
			sourceTree = "<group>";
		};
		284CAF3F1F7366BE0007A184 /* Categories */ = {
			isa = PBXGroup;
			children = (
				284CAF421F7366BE0007A184 /* UIImageView+Networking.h */,
				284CAF431F7366BE0007A184 /* UIImageView+Networking.m */,
			);
			path = Categories;
			sourceTree = "<group>";
		};
		284CAF4E1F7366BF0007A184 /* Utility */ = {
			isa = PBXGroup;
			children = (
				284CAF4F1F7366BF0007A184 /* MCAuthorizationManager.h */,
				284CAF501F7366BF0007A184 /* MCAuthorizationManager.m */,
				283C99B91F78E78C00EDD8B5 /* TFNavigationBarManager.h */,
				283C99BA1F78E78C00EDD8B5 /* TFNavigationBarManager.m */,
			);
			path = Utility;
			sourceTree = "<group>";
		};
		284CAF5E1F7366BF0007A184 /* Additions */ = {
			isa = PBXGroup;
			children = (
				284CAF5F1F7366BF0007A184 /* CoreCache+App.h */,
				284CAF601F7366BF0007A184 /* CoreCache+App.m */,
				284CAF611F7366BF0007A184 /* CoreStore+App.h */,
				284CAF621F7366BF0007A184 /* CoreStore+App.m */,
				284CAF631F7366BF0007A184 /* UIColor+App.h */,
				284CAF641F7366BF0007A184 /* UIColor+App.m */,
			);
			path = Additions;
			sourceTree = "<group>";
		};
		284CAF651F7366BF0007A184 /* SubClasses */ = {
			isa = PBXGroup;
			children = (
				286A87E41F73A9B50022825D /* TFNavigationController.h */,
				286A87E51F73A9B50022825D /* TFNavigationController.m */,
			);
			path = SubClasses;
			sourceTree = "<group>";
		};
		284CAF861F7369C50007A184 /* Main */ = {
			isa = PBXGroup;
			children = (
				286A87EC1F73ADBE0022825D /* TFTabBarController.h */,
				286A87ED1F73ADBE0022825D /* TFTabBarController.m */,
			);
			path = Main;
			sourceTree = "<group>";
		};
		284CAF881F7369D70007A184 /* Home */ = {
			isa = PBXGroup;
			children = (
				286A87CB1F73A44B0022825D /* TFHomeViewController.h */,
				286A87CC1F73A44B0022825D /* TFHomeViewController.m */,
				286A87CD1F73A44B0022825D /* TFHomeViewController.xib */,
			);
			path = Home;
			sourceTree = "<group>";
		};
		284CAF891F736A3B0007A184 /* Mine */ = {
			isa = PBXGroup;
			children = (
				286A87D01F73A4680022825D /* TFMineViewController.h */,
				286A87D11F73A4680022825D /* TFMineViewController.m */,
				286A87D21F73A4680022825D /* TFMineViewController.xib */,
			);
			path = Mine;
			sourceTree = "<group>";
		};
		284CAF8A1F736A5A0007A184 /* Category */ = {
			isa = PBXGroup;
			children = (
				286A87E71F73AB2A0022825D /* TFCategoryViewController.h */,
				286A87E81F73AB2A0022825D /* TFCategoryViewController.m */,
				286A87E91F73AB2A0022825D /* TFCategoryViewController.xib */,
			);
			path = Category;
			sourceTree = "<group>";
		};
		284CAF8B1F736A690007A184 /* Live */ = {
			isa = PBXGroup;
			children = (
				286A87DF1F73A5270022825D /* TFLiveViewController.h */,
				286A87E01F73A5270022825D /* TFLiveViewController.m */,
				28ABEE6F1F75179000A5BC0E /* Recommend */,
				28ABEE701F7517D700A5BC0E /* Analysts */,
				28ABEE711F75181000A5BC0E /* Stocks */,
				28ABEE721F75184700A5BC0E /* Room */,
				28ABEE6E1F75178800A5BC0E /* Search */,
				9EEA08CE1F789C3400B469F3 /* Analysts */,
			);
			path = Live;
			sourceTree = "<group>";
		};
		284CAF8C1F736A6F0007A184 /* Account */ = {
			isa = PBXGroup;
			children = (
				286A87D51F73A4950022825D /* TFAccountViewController.h */,
				286A87D61F73A4950022825D /* TFAccountViewController.m */,
				286A87D71F73A4950022825D /* TFAccountViewController.xib */,
			);
			path = Account;
			sourceTree = "<group>";
		};
		28583E081F7B58D100116294 /* Recovered References */ = {
			isa = PBXGroup;
			children = (
				283C99C31F79071F00EDD8B5 /* FFPagingViewController.m */,
				283C99C11F79071F00EDD8B5 /* FFPagingViewItem.m */,
				283C99BF1F79071F00EDD8B5 /* FFPagingHeaderView.m */,
			);
			name = "Recovered References";
			sourceTree = "<group>";
		};
		28583E091F7B590600116294 /* Components */ = {
			isa = PBXGroup;
			children = (
				2833F1741F7B8EEA0022EF4A /* BannerView */,
				28583E0A1F7B590600116294 /* FFPagingViewController */,
			);
			path = Components;
			sourceTree = "<group>";
		};
		28583E0A1F7B590600116294 /* FFPagingViewController */ = {
			isa = PBXGroup;
			children = (
				28583E0B1F7B590600116294 /* FFPagingTopView */,
				28583E101F7B590600116294 /* FFPagingViewController.h */,
				28583E111F7B590600116294 /* FFPagingViewController.m */,
			);
			path = FFPagingViewController;
			sourceTree = "<group>";
		};
		28583E0B1F7B590600116294 /* FFPagingTopView */ = {
			isa = PBXGroup;
			children = (
				28583E0C1F7B590600116294 /* FFPagingHeaderView.h */,
				28583E0D1F7B590600116294 /* FFPagingHeaderView.m */,
				28583E0E1F7B590600116294 /* FFPagingViewItem.h */,
				28583E0F1F7B590600116294 /* FFPagingViewItem.m */,
			);
			path = FFPagingTopView;
			sourceTree = "<group>";
		};
		28ABEE681F7512B000A5BC0E /* Supporting File */ = {
			isa = PBXGroup;
			children = (
				28ABEE6B1F7512DF00A5BC0E /* CodeStyle.txt */,
				28ABEE691F7512DF00A5BC0E /* Info.plist */,
				28ABEE6C1F7512E000A5BC0E /* LaunchScreen.storyboard */,
				28ABEE6A1F7512DF00A5BC0E /* main.m */,
			);
			path = "Supporting File";
			sourceTree = "<group>";
		};
		28ABEE6E1F75178800A5BC0E /* Search */ = {
			isa = PBXGroup;
			children = (
				281686A71F789C91004126C3 /* TFSearchViewController.h */,
				281686A81F789C91004126C3 /* TFSearchViewController.m */,
				281686A91F789C91004126C3 /* TFSearchViewController.xib */,
			);
			path = Search;
			sourceTree = "<group>";
		};
		28ABEE6F1F75179000A5BC0E /* Recommend */ = {
			isa = PBXGroup;
			children = (
				281686A21F789BE6004126C3 /* TFRecommondViewController.h */,
				281686A31F789BE6004126C3 /* TFRecommondViewController.m */,
				281686A41F789BE6004126C3 /* TFRecommondViewController.xib */,
			);
			path = Recommend;
			sourceTree = "<group>";
		};
		28ABEE701F7517D700A5BC0E /* Analysts */ = {
			isa = PBXGroup;
			children = (
				281686981F789BBF004126C3 /* TFAnalystsViewController.h */,
				281686991F789BBF004126C3 /* TFAnalystsViewController.m */,
				2816869A1F789BBF004126C3 /* TFAnalystsViewController.xib */,
			);
			path = Analysts;
			sourceTree = "<group>";
		};
		28ABEE711F75181000A5BC0E /* Stocks */ = {
			isa = PBXGroup;
			children = (
				2816869D1F789BD1004126C3 /* TFStocksViewController.h */,
				2816869E1F789BD1004126C3 /* TFStocksViewController.m */,
				2816869F1F789BD1004126C3 /* TFStocksViewController.xib */,
			);
			path = Stocks;
			sourceTree = "<group>";
		};
		28ABEE721F75184700A5BC0E /* Room */ = {
			isa = PBXGroup;
			children = (
				281686AC1F789CC0004126C3 /* TFRoomViewController.h */,
				281686AD1F789CC0004126C3 /* TFRoomViewController.m */,
				281686AE1F789CC0004126C3 /* TFRoomViewController.xib */,
			);
			path = Room;
			sourceTree = "<group>";
		};
		767E1B52313EAB0C0C6B4835 /* Pods */ = {
			isa = PBXGroup;
			children = (
				907D2E25F1F347A7E7E93640 /* Pods-TianFeng.debug.xcconfig */,
				896B9A8084000121305DE575 /* Pods-TianFeng.release.xcconfig */,
			);
			name = Pods;
			sourceTree = "<group>";
		};
		9E330A2A1F7A5D4100A1C67F /* Search */ = {
			isa = PBXGroup;
			children = (
				9E330A2B1F7A5D6D00A1C67F /* TFSearchResultsTableViewCell.h */,
				9E330A2C1F7A5D6D00A1C67F /* TFSearchResultsTableViewCell.m */,
				9E330A2D1F7A5D6D00A1C67F /* TFSearchResultsTableViewCell.xib */,
			);
			path = Search;
			sourceTree = "<group>";
		};
		9EEA08B71F74EC4000B469F3 /* VendorAPI */ = {
			isa = PBXGroup;
			children = (
			);
			path = VendorAPI;
			sourceTree = "<group>";
		};
		9EEA08B81F74EC5500B469F3 /* View */ = {
			isa = PBXGroup;
			children = (
				9EEA08D01F78A24A00B469F3 /* Live */,
			);
			path = View;
			sourceTree = "<group>";
		};
		9EEA08B91F74EC6F00B469F3 /* Model */ = {
			isa = PBXGroup;
			children = (
			);
			path = Model;
			sourceTree = "<group>";
		};
		9EEA08CE1F789C3400B469F3 /* Analysts */ = {
			isa = PBXGroup;
			children = (
			);
			path = Analysts;
			sourceTree = "<group>";
		};
		9EEA08D01F78A24A00B469F3 /* Live */ = {
			isa = PBXGroup;
			children = (
				2833F17B1F7BB8310022EF4A /* Common */,
				9E330A2A1F7A5D4100A1C67F /* Search */,
				9EEA08F11F79F3BD00B469F3 /* Lecture hall */,
				9EEA08EB1F79058F00B469F3 /* Stocks */,
				9EEA08D11F78A25200B469F3 /* Analysts */,
			);
			path = Live;
			sourceTree = "<group>";
		};
		9EEA08D11F78A25200B469F3 /* Analysts */ = {
			isa = PBXGroup;
			children = (
				9EEA08D71F78A4DE00B469F3 /* TFGoldAnalystsListTableViewCell.h */,
				9EEA08D81F78A4DE00B469F3 /* TFGoldAnalystsListTableViewCell.m */,
				9EEA08D91F78A4DE00B469F3 /* TFGoldAnalystsListTableViewCell.xib */,
				9EEA08DC1F78AEAF00B469F3 /* TFGoldAnalystsCollectionViewCell.h */,
				9EEA08DD1F78AEAF00B469F3 /* TFGoldAnalystsCollectionViewCell.m */,
				9EEA08DE1F78AEAF00B469F3 /* TFGoldAnalystsCollectionViewCell.xib */,
				9E330A251F7A411D00A1C67F /* TFRecommendAnalystsListTableViewCell.h */,
				9E330A261F7A411D00A1C67F /* TFRecommendAnalystsListTableViewCell.m */,
				9E330A271F7A411D00A1C67F /* TFRecommendAnalystsListTableViewCell.xib */,
				9EEA08E11F78F9FD00B469F3 /* TFRecommendAnalystsTableViewCell.h */,
				9EEA08E21F78F9FD00B469F3 /* TFRecommendAnalystsTableViewCell.m */,
				9EEA08E31F78F9FD00B469F3 /* TFRecommendAnalystsTableViewCell.xib */,
				9EEA08E61F7901F200B469F3 /* TFAnalystsDetailView.h */,
				9EEA08E71F7901F200B469F3 /* TFAnalystsDetailView.m */,
				9EEA08E91F79020300B469F3 /* TFAnalystsDetailView.xib */,
			);
			path = Analysts;
			sourceTree = "<group>";
		};
		9EEA08EB1F79058F00B469F3 /* Stocks */ = {
			isa = PBXGroup;
			children = (
				9EEA08EC1F7905E000B469F3 /* TFStocksVedioListCollectionViewCell.h */,
				9EEA08ED1F7905E000B469F3 /* TFStocksVedioListCollectionViewCell.m */,
				9EEA08EE1F7905E000B469F3 /* TFStocksVedioListCollectionViewCell.xib */,
			);
			path = Stocks;
			sourceTree = "<group>";
		};
		9EEA08F11F79F3BD00B469F3 /* Lecture hall */ = {
			isa = PBXGroup;
			children = (
			);
			path = "Lecture hall";
			sourceTree = "<group>";
		};
		C9020B8E55FD33289F1CAA83 /* Frameworks */ = {
			isa = PBXGroup;
			children = (
				0A608E0E2CF4ADCC2E0D7E8D /* libPods-TianFeng.a */,
			);
			name = Frameworks;
			sourceTree = "<group>";
		};
/* End PBXGroup section */

/* Begin PBXNativeTarget section */
		284CAED61F735D770007A184 /* TianFeng */ = {
			isa = PBXNativeTarget;
			buildConfigurationList = 284CAEED1F735D770007A184 /* Build configuration list for PBXNativeTarget "TianFeng" */;
			buildPhases = (
				637C471F945E294245D89906 /* [CP] Check Pods Manifest.lock */,
				284CAED31F735D770007A184 /* Sources */,
				284CAED41F735D770007A184 /* Frameworks */,
				284CAED51F735D770007A184 /* Resources */,
				A5B1B60DFEFEF745BC3EE415 /* [CP] Embed Pods Frameworks */,
				B5F077627253E06AA359B492 /* [CP] Copy Pods Resources */,
			);
			buildRules = (
			);
			dependencies = (
			);
			name = TianFeng;
			productName = TianFeng;
			productReference = 284CAED71F735D770007A184 /* TianFeng.app */;
			productType = "com.apple.product-type.application";
		};
/* End PBXNativeTarget section */

/* Begin PBXProject section */
		284CAECF1F735D770007A184 /* Project object */ = {
			isa = PBXProject;
			attributes = {
				LastUpgradeCheck = 0900;
				ORGANIZATIONNAME = hades;
				TargetAttributes = {
					284CAED61F735D770007A184 = {
						CreatedOnToolsVersion = 9.0;
						ProvisioningStyle = Automatic;
					};
				};
			};
			buildConfigurationList = 284CAED21F735D770007A184 /* Build configuration list for PBXProject "TianFeng" */;
			compatibilityVersion = "Xcode 8.0";
			developmentRegion = en;
			hasScannedForEncodings = 0;
			knownRegions = (
				en,
				Base,
			);
			mainGroup = 284CAECE1F735D770007A184;
			productRefGroup = 284CAED81F735D770007A184 /* Products */;
			projectDirPath = "";
			projectRoot = "";
			targets = (
				284CAED61F735D770007A184 /* TianFeng */,
			);
		};
/* End PBXProject section */

/* Begin PBXResourcesBuildPhase section */
		284CAED51F735D770007A184 /* Resources */ = {
			isa = PBXResourcesBuildPhase;
			buildActionMask = 2147483647;
			files = (
				284CAEE41F735D770007A184 /* Assets.xcassets in Resources */,
				282AE67A1F7C93B10030693E /* TFCommonVideoCollectionViewCell.xib in Resources */,
				281686A11F789BD1004126C3 /* TFStocksViewController.xib in Resources */,
				2833F1801F7BB84E0022EF4A /* TFCommonLiveTableViewCell.xib in Resources */,
				2816869C1F789BBF004126C3 /* TFAnalystsViewController.xib in Resources */,
				281686A61F789BE6004126C3 /* TFRecommondViewController.xib in Resources */,
				286A87CF1F73A44B0022825D /* TFHomeViewController.xib in Resources */,
				9EEA08DB1F78A4DE00B469F3 /* TFGoldAnalystsListTableViewCell.xib in Resources */,
				286A87CF1F73A44B0022825D /* TFHomeViewController.xib in Resources */,
				9E330A291F7A411D00A1C67F /* TFRecommendAnalystsListTableViewCell.xib in Resources */,
				9EEA08E01F78AEB000B469F3 /* TFGoldAnalystsCollectionViewCell.xib in Resources */,
				286A87D91F73A4950022825D /* TFAccountViewController.xib in Resources */,
				9EEA08EA1F79020300B469F3 /* TFAnalystsDetailView.xib in Resources */,
				9EEA08F01F7905E000B469F3 /* TFStocksVedioListCollectionViewCell.xib in Resources */,
				286A87EB1F73AB2A0022825D /* TFCategoryViewController.xib in Resources */,
				281686B01F789CC0004126C3 /* TFRoomViewController.xib in Resources */,
				286A87D41F73A4680022825D /* TFMineViewController.xib in Resources */,
				281686AB1F789C91004126C3 /* TFSearchViewController.xib in Resources */,
				9EEA08E51F78F9FD00B469F3 /* TFRecommendAnalystsTableViewCell.xib in Resources */,
				9E330A2F1F7A5D6D00A1C67F /* TFSearchResultsTableViewCell.xib in Resources */,
			);
			runOnlyForDeploymentPostprocessing = 0;
		};
/* End PBXResourcesBuildPhase section */

/* Begin PBXShellScriptBuildPhase section */
		637C471F945E294245D89906 /* [CP] Check Pods Manifest.lock */ = {
			isa = PBXShellScriptBuildPhase;
			buildActionMask = 2147483647;
			files = (
			);
			inputPaths = (
			);
			name = "[CP] Check Pods Manifest.lock";
			outputPaths = (
			);
			runOnlyForDeploymentPostprocessing = 0;
			shellPath = /bin/sh;
			shellScript = "diff \"${PODS_ROOT}/../Podfile.lock\" \"${PODS_ROOT}/Manifest.lock\" > /dev/null\nif [ $? != 0 ] ; then\n    # print error to STDERR\n    echo \"error: The sandbox is not in sync with the Podfile.lock. Run 'pod install' or update your CocoaPods installation.\" >&2\n    exit 1\nfi\n";
			showEnvVarsInLog = 0;
		};
		A5B1B60DFEFEF745BC3EE415 /* [CP] Embed Pods Frameworks */ = {
			isa = PBXShellScriptBuildPhase;
			buildActionMask = 2147483647;
			files = (
			);
			inputPaths = (
			);
			name = "[CP] Embed Pods Frameworks";
			outputPaths = (
			);
			runOnlyForDeploymentPostprocessing = 0;
			shellPath = /bin/sh;
			shellScript = "\"${SRCROOT}/Pods/Target Support Files/Pods-TianFeng/Pods-TianFeng-frameworks.sh\"\n";
			showEnvVarsInLog = 0;
		};
		B5F077627253E06AA359B492 /* [CP] Copy Pods Resources */ = {
			isa = PBXShellScriptBuildPhase;
			buildActionMask = 2147483647;
			files = (
			);
			inputPaths = (
			);
			name = "[CP] Copy Pods Resources";
			outputPaths = (
			);
			runOnlyForDeploymentPostprocessing = 0;
			shellPath = /bin/sh;
			shellScript = "\"${SRCROOT}/Pods/Target Support Files/Pods-TianFeng/Pods-TianFeng-resources.sh\"\n";
			showEnvVarsInLog = 0;
		};
/* End PBXShellScriptBuildPhase section */

/* Begin PBXSourcesBuildPhase section */
		284CAED31F735D770007A184 /* Sources */ = {
			isa = PBXSourcesBuildPhase;
			buildActionMask = 2147483647;
			files = (
				2833F1771F7B8F600022EF4A /* TFCycleBannerView.m in Sources */,
				28583E141F7B593800116294 /* FFPagingViewController.m in Sources */,
				28583E131F7B593400116294 /* FFPagingViewItem.m in Sources */,
				28583E121F7B593000116294 /* FFPagingHeaderView.m in Sources */,
				28ABEE6D1F75142800A5BC0E /* main.m in Sources */,
				281686AA1F789C91004126C3 /* TFSearchViewController.m in Sources */,
				281686A01F789BD1004126C3 /* TFStocksViewController.m in Sources */,
				281686AF1F789CC0004126C3 /* TFRoomViewController.m in Sources */,
				281E158A1F73C48100734744 /* SingletonDemo.m in Sources */,
				9EEA08E81F7901F200B469F3 /* TFAnalystsDetailView.m in Sources */,
				281E15891F73C47900734744 /* MCAuthorizationManager.m in Sources */,
				281E15881F73C47500734744 /* UIImageView+Networking.m in Sources */,
				9E330A281F7A411D00A1C67F /* TFRecommendAnalystsListTableViewCell.m in Sources */,
				9EEA08E41F78F9FD00B469F3 /* TFRecommendAnalystsTableViewCell.m in Sources */,
				281E15871F73C47200734744 /* UIColor+App.m in Sources */,
				281E15861F73C46E00734744 /* CoreStore+App.m in Sources */,
				2833F17F1F7BB84E0022EF4A /* TFCommonLiveTableViewCell.m in Sources */,
				2833F17A1F7B91350022EF4A /* TFPageControl.m in Sources */,
				282AE6791F7C93B10030693E /* TFCommonVideoCollectionViewCell.m in Sources */,
				283C99BB1F78E78C00EDD8B5 /* TFNavigationBarManager.m in Sources */,
				281E15851F73C46A00734744 /* CoreCache+App.m in Sources */,
				286A87E61F73A9B50022825D /* TFNavigationController.m in Sources */,
				9EEA08DF1F78AEB000B469F3 /* TFGoldAnalystsCollectionViewCell.m in Sources */,
				9EEA08EF1F7905E000B469F3 /* TFStocksVedioListCollectionViewCell.m in Sources */,
				286A87EE1F73ADBE0022825D /* TFTabBarController.m in Sources */,
				284CAEDC1F735D770007A184 /* AppDelegate.m in Sources */,
				286A87EA1F73AB2A0022825D /* TFCategoryViewController.m in Sources */,
				9E330A2E1F7A5D6D00A1C67F /* TFSearchResultsTableViewCell.m in Sources */,
				286A87E21F73A5270022825D /* TFLiveViewController.m in Sources */,
				286A87CE1F73A44B0022825D /* TFHomeViewController.m in Sources */,
				2816869B1F789BBF004126C3 /* TFAnalystsViewController.m in Sources */,
				281686A51F789BE6004126C3 /* TFRecommondViewController.m in Sources */,
				286A87D81F73A4950022825D /* TFAccountViewController.m in Sources */,
				9EEA08DA1F78A4DE00B469F3 /* TFGoldAnalystsListTableViewCell.m in Sources */,
				286A87D31F73A4680022825D /* TFMineViewController.m in Sources */,
			);
			runOnlyForDeploymentPostprocessing = 0;
		};
/* End PBXSourcesBuildPhase section */

/* Begin XCBuildConfiguration section */
		284CAEEB1F735D770007A184 /* Debug */ = {
			isa = XCBuildConfiguration;
			buildSettings = {
				ALWAYS_SEARCH_USER_PATHS = NO;
				CLANG_ANALYZER_NONNULL = YES;
				CLANG_ANALYZER_NUMBER_OBJECT_CONVERSION = YES_AGGRESSIVE;
				CLANG_CXX_LANGUAGE_STANDARD = "gnu++14";
				CLANG_CXX_LIBRARY = "libc++";
				CLANG_ENABLE_MODULES = YES;
				CLANG_ENABLE_OBJC_ARC = YES;
				CLANG_WARN_BLOCK_CAPTURE_AUTORELEASING = YES;
				CLANG_WARN_BOOL_CONVERSION = YES;
				CLANG_WARN_COMMA = YES;
				CLANG_WARN_CONSTANT_CONVERSION = YES;
				CLANG_WARN_DIRECT_OBJC_ISA_USAGE = YES_ERROR;
				CLANG_WARN_DOCUMENTATION_COMMENTS = YES;
				CLANG_WARN_EMPTY_BODY = YES;
				CLANG_WARN_ENUM_CONVERSION = YES;
				CLANG_WARN_INFINITE_RECURSION = YES;
				CLANG_WARN_INT_CONVERSION = YES;
				CLANG_WARN_NON_LITERAL_NULL_CONVERSION = YES;
				CLANG_WARN_OBJC_LITERAL_CONVERSION = YES;
				CLANG_WARN_OBJC_ROOT_CLASS = YES_ERROR;
				CLANG_WARN_RANGE_LOOP_ANALYSIS = YES;
				CLANG_WARN_STRICT_PROTOTYPES = YES;
				CLANG_WARN_SUSPICIOUS_MOVE = YES;
				CLANG_WARN_UNGUARDED_AVAILABILITY = YES_AGGRESSIVE;
				CLANG_WARN_UNREACHABLE_CODE = YES;
				CLANG_WARN__DUPLICATE_METHOD_MATCH = YES;
				CODE_SIGN_IDENTITY = "iPhone Developer";
				COPY_PHASE_STRIP = NO;
				DEBUG_INFORMATION_FORMAT = dwarf;
				ENABLE_STRICT_OBJC_MSGSEND = YES;
				ENABLE_TESTABILITY = YES;
				GCC_C_LANGUAGE_STANDARD = gnu11;
				GCC_DYNAMIC_NO_PIC = NO;
				GCC_NO_COMMON_BLOCKS = YES;
				GCC_OPTIMIZATION_LEVEL = 0;
				GCC_PREPROCESSOR_DEFINITIONS = (
					"DEBUG=1",
					"$(inherited)",
				);
				GCC_WARN_64_TO_32_BIT_CONVERSION = YES;
				GCC_WARN_ABOUT_RETURN_TYPE = YES_ERROR;
				GCC_WARN_UNDECLARED_SELECTOR = YES;
				GCC_WARN_UNINITIALIZED_AUTOS = YES_AGGRESSIVE;
				GCC_WARN_UNUSED_FUNCTION = YES;
				GCC_WARN_UNUSED_VARIABLE = YES;
				IPHONEOS_DEPLOYMENT_TARGET = 11.0;
				MTL_ENABLE_DEBUG_INFO = YES;
				ONLY_ACTIVE_ARCH = YES;
				SDKROOT = iphoneos;
			};
			name = Debug;
		};
		284CAEEC1F735D770007A184 /* Release */ = {
			isa = XCBuildConfiguration;
			buildSettings = {
				ALWAYS_SEARCH_USER_PATHS = NO;
				CLANG_ANALYZER_NONNULL = YES;
				CLANG_ANALYZER_NUMBER_OBJECT_CONVERSION = YES_AGGRESSIVE;
				CLANG_CXX_LANGUAGE_STANDARD = "gnu++14";
				CLANG_CXX_LIBRARY = "libc++";
				CLANG_ENABLE_MODULES = YES;
				CLANG_ENABLE_OBJC_ARC = YES;
				CLANG_WARN_BLOCK_CAPTURE_AUTORELEASING = YES;
				CLANG_WARN_BOOL_CONVERSION = YES;
				CLANG_WARN_COMMA = YES;
				CLANG_WARN_CONSTANT_CONVERSION = YES;
				CLANG_WARN_DIRECT_OBJC_ISA_USAGE = YES_ERROR;
				CLANG_WARN_DOCUMENTATION_COMMENTS = YES;
				CLANG_WARN_EMPTY_BODY = YES;
				CLANG_WARN_ENUM_CONVERSION = YES;
				CLANG_WARN_INFINITE_RECURSION = YES;
				CLANG_WARN_INT_CONVERSION = YES;
				CLANG_WARN_NON_LITERAL_NULL_CONVERSION = YES;
				CLANG_WARN_OBJC_LITERAL_CONVERSION = YES;
				CLANG_WARN_OBJC_ROOT_CLASS = YES_ERROR;
				CLANG_WARN_RANGE_LOOP_ANALYSIS = YES;
				CLANG_WARN_STRICT_PROTOTYPES = YES;
				CLANG_WARN_SUSPICIOUS_MOVE = YES;
				CLANG_WARN_UNGUARDED_AVAILABILITY = YES_AGGRESSIVE;
				CLANG_WARN_UNREACHABLE_CODE = YES;
				CLANG_WARN__DUPLICATE_METHOD_MATCH = YES;
				CODE_SIGN_IDENTITY = "iPhone Developer";
				COPY_PHASE_STRIP = NO;
				DEBUG_INFORMATION_FORMAT = "dwarf-with-dsym";
				ENABLE_NS_ASSERTIONS = NO;
				ENABLE_STRICT_OBJC_MSGSEND = YES;
				GCC_C_LANGUAGE_STANDARD = gnu11;
				GCC_NO_COMMON_BLOCKS = YES;
				GCC_WARN_64_TO_32_BIT_CONVERSION = YES;
				GCC_WARN_ABOUT_RETURN_TYPE = YES_ERROR;
				GCC_WARN_UNDECLARED_SELECTOR = YES;
				GCC_WARN_UNINITIALIZED_AUTOS = YES_AGGRESSIVE;
				GCC_WARN_UNUSED_FUNCTION = YES;
				GCC_WARN_UNUSED_VARIABLE = YES;
				IPHONEOS_DEPLOYMENT_TARGET = 11.0;
				MTL_ENABLE_DEBUG_INFO = NO;
				SDKROOT = iphoneos;
				VALIDATE_PRODUCT = YES;
			};
			name = Release;
		};
		284CAEEE1F735D770007A184 /* Debug */ = {
			isa = XCBuildConfiguration;
			baseConfigurationReference = 907D2E25F1F347A7E7E93640 /* Pods-TianFeng.debug.xcconfig */;
			buildSettings = {
				ASSETCATALOG_COMPILER_APPICON_NAME = AppIcon;
				"CODE_SIGN_IDENTITY[sdk=iphoneos*]" = "iPhone Developer";
				CODE_SIGN_STYLE = Automatic;
				DEVELOPMENT_TEAM = WX73XRL87F;
				INFOPLIST_FILE = "$(SRCROOT)/TianFeng/Info.plist";
				IPHONEOS_DEPLOYMENT_TARGET = 9.0;
				LD_RUNPATH_SEARCH_PATHS = "$(inherited) @executable_path/Frameworks";
				OTHER_LDFLAGS = "$(inherited)";
				PRODUCT_BUNDLE_IDENTIFIER = com.cloud4magic.cp;
				PRODUCT_NAME = "$(TARGET_NAME)";
				PROVISIONING_PROFILE_SPECIFIER = "";
				TARGETED_DEVICE_FAMILY = 1;
				VALID_ARCHS = "armv7 armv7s arm64";
			};
			name = Debug;
		};
		284CAEEF1F735D770007A184 /* Release */ = {
			isa = XCBuildConfiguration;
			baseConfigurationReference = 896B9A8084000121305DE575 /* Pods-TianFeng.release.xcconfig */;
			buildSettings = {
				ASSETCATALOG_COMPILER_APPICON_NAME = AppIcon;
				"CODE_SIGN_IDENTITY[sdk=iphoneos*]" = "iPhone Developer";
				CODE_SIGN_STYLE = Automatic;
				DEVELOPMENT_TEAM = WX73XRL87F;
				INFOPLIST_FILE = "$(SRCROOT)/TianFeng/Info.plist";
				IPHONEOS_DEPLOYMENT_TARGET = 9.0;
				LD_RUNPATH_SEARCH_PATHS = "$(inherited) @executable_path/Frameworks";
				OTHER_LDFLAGS = "$(inherited)";
				PRODUCT_BUNDLE_IDENTIFIER = com.cloud4magic.cp;
				PRODUCT_NAME = "$(TARGET_NAME)";
				PROVISIONING_PROFILE_SPECIFIER = "";
				TARGETED_DEVICE_FAMILY = 1;
				VALID_ARCHS = "armv7 armv7s arm64";
			};
			name = Release;
		};
/* End XCBuildConfiguration section */

/* Begin XCConfigurationList section */
		284CAED21F735D770007A184 /* Build configuration list for PBXProject "TianFeng" */ = {
			isa = XCConfigurationList;
			buildConfigurations = (
				284CAEEB1F735D770007A184 /* Debug */,
				284CAEEC1F735D770007A184 /* Release */,
			);
			defaultConfigurationIsVisible = 0;
			defaultConfigurationName = Release;
		};
		284CAEED1F735D770007A184 /* Build configuration list for PBXNativeTarget "TianFeng" */ = {
			isa = XCConfigurationList;
			buildConfigurations = (
				284CAEEE1F735D770007A184 /* Debug */,
				284CAEEF1F735D770007A184 /* Release */,
			);
			defaultConfigurationIsVisible = 0;
			defaultConfigurationName = Release;
		};
/* End XCConfigurationList section */
	};
	rootObject = 284CAECF1F735D770007A184 /* Project object */;
}
